
Microsoft Visual Studio Solution File, Format Version 12.00
# Visual Studio 15
VisualStudioVersion = 15.0.27428.2011
MinimumVisualStudioVersion = 10.0.40219.1
Project("{9A19103F-16F7-4668-BE54-9A1E7A4F7556}") = "Repositories", "Repositories\Repositories.csproj", "{C435BFFE-B570-4322-A4B7-F091802B997D}"
EndProject
Project("{9A19103F-16F7-4668-BE54-9A1E7A4F7556}") = "Models", "Models\Models.csproj", "{716B3B97-71BB-4085-80DC-5D2456D4EE8F}"
EndProject
Project("{9A19103F-16F7-4668-BE54-9A1E7A4F7556}") = "ServiceApi", "ServiceApi\ServiceApi.csproj", "{43ADC19E-F2F6-4D16-BAF5-84B4A9F5C62A}"
EndProject
Project("{9A19103F-16F7-4668-BE54-9A1E7A4F7556}") = "Topshelf.Core", "Topshelf.Core\Topshelf.Core.csproj", "{2D1FF8AA-0631-4291-8081-629D8ADA98C2}"
EndProject
Project("{9A19103F-16F7-4668-BE54-9A1E7A4F7556}") = "GroboContainer.Core", "GroboContainer.Core\GroboContainer.Core.csproj", "{ECC5FF63-FAF2-453D-A770-2AEE3A0B15A0}"
EndProject
Project("{2150E333-8FDC-42A3-9474-1A3956D46DE8}") = "Core", "Core", "{0D792693-15AD-4CBC-A537-D603D63D9D3B}"
EndProject
Project("{9A19103F-16F7-4668-BE54-9A1E7A4F7556}") = "AspNetCore.Core", "AspNetCore.Core\AspNetCore.Core.csproj", "{FD6E415E-5D60-42E8-9D5B-187104277E7C}"
EndProject
Project("{2150E333-8FDC-42A3-9474-1A3956D46DE8}") = "Tests", "Tests", "{3BB27555-1F4E-44FA-BDCB-F85AAAFF8581}"
EndProject
Project("{9A19103F-16F7-4668-BE54-9A1E7A4F7556}") = "RepositoriesTests", "RepositoriesTests\RepositoriesTests.csproj", "{B6C409D8-9C24-4837-B3C0-59EC30BDC9F4}"
EndProject
Project("{9A19103F-16F7-4668-BE54-9A1E7A4F7556}") = "CassandraActualizer", "CassandraActualizer\CassandraActualizer.csproj", "{92964126-B60A-4343-B448-8127D18DEBC7}"
EndProject
Project("{9A19103F-16F7-4668-BE54-9A1E7A4F7556}") = "ServiceApi.Client", "ServiceApi.Client\ServiceApi.Client.csproj", "{214EFCD9-BBA7-4CBE-A954-75B7C64384F9}"
EndProject
Project("{9A19103F-16F7-4668-BE54-9A1E7A4F7556}") = "ApiTests", "ApiTests\ApiTests.csproj", "{8F2CA557-A6AF-48CF-BAB1-B4DF9702A527}"
EndProject
Project("{9A19103F-16F7-4668-BE54-9A1E7A4F7556}") = "Tests.Core", "Tests.Core\Tests.Core.csproj", "{C3AA3413-227E-4B5C-9E5F-D008CB4BC74E}"
EndProject
Project("{9A19103F-16F7-4668-BE54-9A1E7A4F7556}") = "FrontApi", "FrontApi\FrontApi.csproj", "{606FB144-6CA3-46BF-AC75-CE43CFB2E5BD}"
EndProject
Project("{9A19103F-16F7-4668-BE54-9A1E7A4F7556}") = "FrontApi.Dto", "FrontApi.Dto\FrontApi.Dto.csproj", "{8C623334-9F4F-40D7-8800-B0894F082299}"
EndProject
Project("{9A19103F-16F7-4668-BE54-9A1E7A4F7556}") = "FunctionalTests", "FunctionalTests\FunctionalTests.csproj", "{6D7374A9-3A0C-4A80-9D75-6F216F5E1771}"
EndProject
Project("{9A19103F-16F7-4668-BE54-9A1E7A4F7556}") = "Portal.Core", "Portal.Core\Portal.Core.csproj", "{AF133CB9-D1FA-444C-BE08-07D562046C82}"
EndProject
Project("{9A19103F-16F7-4668-BE54-9A1E7A4F7556}") = "ModelValidators", "ModelValidators\ModelValidators.csproj", "{1C0EFECE-9910-4E8A-80E0-D3ADCFA84B81}"
EndProject
Project("{9A19103F-16F7-4668-BE54-9A1E7A4F7556}") = "UnitTests", "UnitTests\UnitTests.csproj", "{892A50C3-3510-4B82-B77C-05FFE8983ACC}"
EndProject
Project("{9A19103F-16F7-4668-BE54-9A1E7A4F7556}") = "Services", "Services\Services.csproj", "{6EFF0755-7146-4CF8-8710-BD287C95AB0A}"
EndProject
Project("{9A19103F-16F7-4668-BE54-9A1E7A4F7556}") = "FrontApi.Converters", "FrontApi.Converters\FrontApi.Converters.csproj", "{D11197A7-DC76-4728-AD18-E721588253A9}"
EndProject
Project("{9A19103F-16F7-4668-BE54-9A1E7A4F7556}") = "EvrikaPrintClient", "EvrikaPrintClient\EvrikaPrintClient.csproj", "{836A9616-60D9-4A38-9034-A5822BC7152C}"
EndProject
Project("{9A19103F-16F7-4668-BE54-9A1E7A4F7556}") = "EvrikaPrintIntegrationTests", "EvrikaPrintIntegrationTests\EvrikaPrintIntegrationTests.csproj", "{4B6774AA-D4AD-473C-ADFF-D1120C847876}"
EndProject
Project("{9A19103F-16F7-4668-BE54-9A1E7A4F7556}") = "Utils", "Utils\Utils.csproj", "{F29BC99B-01C6-4741-AE04-F5F4AF0D2AC1}"
EndProject
Project("{9A19103F-16F7-4668-BE54-9A1E7A4F7556}") = "FunctionalTests.Components", "FunctionalTests.Components\FunctionalTests.Components.csproj", "{27349866-134D-411C-91D0-6B96191E48CF}"
EndProject
Project("{9A19103F-16F7-4668-BE54-9A1E7A4F7556}") = "OnlineApi", "OnlineApi\OnlineApi.csproj", "{60A64DFE-84F5-4492-93FE-CB331B86877B}"
EndProject
Project("{9A19103F-16F7-4668-BE54-9A1E7A4F7556}") = "OnlineApi.Dto", "OnlineApi.Dto\OnlineApi.Dto.csproj", "{E47CA674-15F9-4846-8700-9772A5449494}"
EndProject
Project("{9A19103F-16F7-4668-BE54-9A1E7A4F7556}") = "OnlineApi.Converters", "OnlineApi.Converters\OnlineApi.Converters.csproj", "{48F00528-5FC5-4898-9249-8498D8D37E4A}"
EndProject
Project("{FAE04EC0-301F-11D3-BF4B-00C04F79EFBC}") = "GodLikeTools", "GodLikeTools\GodLikeTools.csproj", "{ABCEC8B2-C9B0-452B-BC91-5B19CCC030B2}"
EndProject
Global
	GlobalSection(SolutionConfigurationPlatforms) = preSolution
		Debug|Any CPU = Debug|Any CPU
		Release|Any CPU = Release|Any CPU
	EndGlobalSection
	GlobalSection(ProjectConfigurationPlatforms) = postSolution
		{C435BFFE-B570-4322-A4B7-F091802B997D}.Debug|Any CPU.ActiveCfg = Debug|Any CPU
		{C435BFFE-B570-4322-A4B7-F091802B997D}.Debug|Any CPU.Build.0 = Debug|Any CPU
		{C435BFFE-B570-4322-A4B7-F091802B997D}.Release|Any CPU.ActiveCfg = Release|Any CPU
		{C435BFFE-B570-4322-A4B7-F091802B997D}.Release|Any CPU.Build.0 = Release|Any CPU
		{716B3B97-71BB-4085-80DC-5D2456D4EE8F}.Debug|Any CPU.ActiveCfg = Debug|Any CPU
		{716B3B97-71BB-4085-80DC-5D2456D4EE8F}.Debug|Any CPU.Build.0 = Debug|Any CPU
		{716B3B97-71BB-4085-80DC-5D2456D4EE8F}.Release|Any CPU.ActiveCfg = Release|Any CPU
		{716B3B97-71BB-4085-80DC-5D2456D4EE8F}.Release|Any CPU.Build.0 = Release|Any CPU
		{43ADC19E-F2F6-4D16-BAF5-84B4A9F5C62A}.Debug|Any CPU.ActiveCfg = Debug|Any CPU
		{43ADC19E-F2F6-4D16-BAF5-84B4A9F5C62A}.Debug|Any CPU.Build.0 = Debug|Any CPU
		{43ADC19E-F2F6-4D16-BAF5-84B4A9F5C62A}.Release|Any CPU.ActiveCfg = Release|Any CPU
		{43ADC19E-F2F6-4D16-BAF5-84B4A9F5C62A}.Release|Any CPU.Build.0 = Release|Any CPU
		{2D1FF8AA-0631-4291-8081-629D8ADA98C2}.Debug|Any CPU.ActiveCfg = Debug|Any CPU
		{2D1FF8AA-0631-4291-8081-629D8ADA98C2}.Debug|Any CPU.Build.0 = Debug|Any CPU
		{2D1FF8AA-0631-4291-8081-629D8ADA98C2}.Release|Any CPU.ActiveCfg = Release|Any CPU
		{2D1FF8AA-0631-4291-8081-629D8ADA98C2}.Release|Any CPU.Build.0 = Release|Any CPU
		{ECC5FF63-FAF2-453D-A770-2AEE3A0B15A0}.Debug|Any CPU.ActiveCfg = Debug|Any CPU
		{ECC5FF63-FAF2-453D-A770-2AEE3A0B15A0}.Debug|Any CPU.Build.0 = Debug|Any CPU
		{ECC5FF63-FAF2-453D-A770-2AEE3A0B15A0}.Release|Any CPU.ActiveCfg = Release|Any CPU
		{ECC5FF63-FAF2-453D-A770-2AEE3A0B15A0}.Release|Any CPU.Build.0 = Release|Any CPU
		{FD6E415E-5D60-42E8-9D5B-187104277E7C}.Debug|Any CPU.ActiveCfg = Debug|Any CPU
		{FD6E415E-5D60-42E8-9D5B-187104277E7C}.Debug|Any CPU.Build.0 = Debug|Any CPU
		{FD6E415E-5D60-42E8-9D5B-187104277E7C}.Release|Any CPU.ActiveCfg = Release|Any CPU
		{FD6E415E-5D60-42E8-9D5B-187104277E7C}.Release|Any CPU.Build.0 = Release|Any CPU
		{B6C409D8-9C24-4837-B3C0-59EC30BDC9F4}.Debug|Any CPU.ActiveCfg = Debug|Any CPU
		{B6C409D8-9C24-4837-B3C0-59EC30BDC9F4}.Debug|Any CPU.Build.0 = Debug|Any CPU
		{B6C409D8-9C24-4837-B3C0-59EC30BDC9F4}.Release|Any CPU.ActiveCfg = Release|Any CPU
		{B6C409D8-9C24-4837-B3C0-59EC30BDC9F4}.Release|Any CPU.Build.0 = Release|Any CPU
		{92964126-B60A-4343-B448-8127D18DEBC7}.Debug|Any CPU.ActiveCfg = Debug|Any CPU
		{92964126-B60A-4343-B448-8127D18DEBC7}.Debug|Any CPU.Build.0 = Debug|Any CPU
		{92964126-B60A-4343-B448-8127D18DEBC7}.Release|Any CPU.ActiveCfg = Release|Any CPU
		{92964126-B60A-4343-B448-8127D18DEBC7}.Release|Any CPU.Build.0 = Release|Any CPU
		{214EFCD9-BBA7-4CBE-A954-75B7C64384F9}.Debug|Any CPU.ActiveCfg = Debug|Any CPU
		{214EFCD9-BBA7-4CBE-A954-75B7C64384F9}.Debug|Any CPU.Build.0 = Debug|Any CPU
		{214EFCD9-BBA7-4CBE-A954-75B7C64384F9}.Release|Any CPU.ActiveCfg = Release|Any CPU
		{214EFCD9-BBA7-4CBE-A954-75B7C64384F9}.Release|Any CPU.Build.0 = Release|Any CPU
		{8F2CA557-A6AF-48CF-BAB1-B4DF9702A527}.Debug|Any CPU.ActiveCfg = Debug|Any CPU
		{8F2CA557-A6AF-48CF-BAB1-B4DF9702A527}.Debug|Any CPU.Build.0 = Debug|Any CPU
		{8F2CA557-A6AF-48CF-BAB1-B4DF9702A527}.Release|Any CPU.ActiveCfg = Release|Any CPU
		{8F2CA557-A6AF-48CF-BAB1-B4DF9702A527}.Release|Any CPU.Build.0 = Release|Any CPU
		{C3AA3413-227E-4B5C-9E5F-D008CB4BC74E}.Debug|Any CPU.ActiveCfg = Debug|Any CPU
		{C3AA3413-227E-4B5C-9E5F-D008CB4BC74E}.Debug|Any CPU.Build.0 = Debug|Any CPU
		{C3AA3413-227E-4B5C-9E5F-D008CB4BC74E}.Release|Any CPU.ActiveCfg = Release|Any CPU
		{C3AA3413-227E-4B5C-9E5F-D008CB4BC74E}.Release|Any CPU.Build.0 = Release|Any CPU
		{606FB144-6CA3-46BF-AC75-CE43CFB2E5BD}.Debug|Any CPU.ActiveCfg = Debug|Any CPU
		{606FB144-6CA3-46BF-AC75-CE43CFB2E5BD}.Debug|Any CPU.Build.0 = Debug|Any CPU
		{606FB144-6CA3-46BF-AC75-CE43CFB2E5BD}.Release|Any CPU.ActiveCfg = Release|Any CPU
		{606FB144-6CA3-46BF-AC75-CE43CFB2E5BD}.Release|Any CPU.Build.0 = Release|Any CPU
		{8C623334-9F4F-40D7-8800-B0894F082299}.Debug|Any CPU.ActiveCfg = Debug|Any CPU
		{8C623334-9F4F-40D7-8800-B0894F082299}.Debug|Any CPU.Build.0 = Debug|Any CPU
		{8C623334-9F4F-40D7-8800-B0894F082299}.Release|Any CPU.ActiveCfg = Release|Any CPU
		{8C623334-9F4F-40D7-8800-B0894F082299}.Release|Any CPU.Build.0 = Release|Any CPU
		{6D7374A9-3A0C-4A80-9D75-6F216F5E1771}.Debug|Any CPU.ActiveCfg = Debug|Any CPU
		{6D7374A9-3A0C-4A80-9D75-6F216F5E1771}.Debug|Any CPU.Build.0 = Debug|Any CPU
		{6D7374A9-3A0C-4A80-9D75-6F216F5E1771}.Release|Any CPU.ActiveCfg = Release|Any CPU
		{6D7374A9-3A0C-4A80-9D75-6F216F5E1771}.Release|Any CPU.Build.0 = Release|Any CPU
		{AF133CB9-D1FA-444C-BE08-07D562046C82}.Debug|Any CPU.ActiveCfg = Debug|Any CPU
		{AF133CB9-D1FA-444C-BE08-07D562046C82}.Debug|Any CPU.Build.0 = Debug|Any CPU
		{AF133CB9-D1FA-444C-BE08-07D562046C82}.Release|Any CPU.ActiveCfg = Release|Any CPU
		{AF133CB9-D1FA-444C-BE08-07D562046C82}.Release|Any CPU.Build.0 = Release|Any CPU
		{1C0EFECE-9910-4E8A-80E0-D3ADCFA84B81}.Debug|Any CPU.ActiveCfg = Debug|Any CPU
		{1C0EFECE-9910-4E8A-80E0-D3ADCFA84B81}.Debug|Any CPU.Build.0 = Debug|Any CPU
		{1C0EFECE-9910-4E8A-80E0-D3ADCFA84B81}.Release|Any CPU.ActiveCfg = Release|Any CPU
		{1C0EFECE-9910-4E8A-80E0-D3ADCFA84B81}.Release|Any CPU.Build.0 = Release|Any CPU
		{892A50C3-3510-4B82-B77C-05FFE8983ACC}.Debug|Any CPU.ActiveCfg = Debug|Any CPU
		{892A50C3-3510-4B82-B77C-05FFE8983ACC}.Debug|Any CPU.Build.0 = Debug|Any CPU
		{892A50C3-3510-4B82-B77C-05FFE8983ACC}.Release|Any CPU.ActiveCfg = Release|Any CPU
		{892A50C3-3510-4B82-B77C-05FFE8983ACC}.Release|Any CPU.Build.0 = Release|Any CPU
		{6EFF0755-7146-4CF8-8710-BD287C95AB0A}.Debug|Any CPU.ActiveCfg = Debug|Any CPU
		{6EFF0755-7146-4CF8-8710-BD287C95AB0A}.Debug|Any CPU.Build.0 = Debug|Any CPU
		{6EFF0755-7146-4CF8-8710-BD287C95AB0A}.Release|Any CPU.ActiveCfg = Release|Any CPU
		{6EFF0755-7146-4CF8-8710-BD287C95AB0A}.Release|Any CPU.Build.0 = Release|Any CPU
		{D11197A7-DC76-4728-AD18-E721588253A9}.Debug|Any CPU.ActiveCfg = Debug|Any CPU
		{D11197A7-DC76-4728-AD18-E721588253A9}.Debug|Any CPU.Build.0 = Debug|Any CPU
		{D11197A7-DC76-4728-AD18-E721588253A9}.Release|Any CPU.ActiveCfg = Release|Any CPU
		{D11197A7-DC76-4728-AD18-E721588253A9}.Release|Any CPU.Build.0 = Release|Any CPU
		{836A9616-60D9-4A38-9034-A5822BC7152C}.Debug|Any CPU.ActiveCfg = Debug|Any CPU
		{836A9616-60D9-4A38-9034-A5822BC7152C}.Debug|Any CPU.Build.0 = Debug|Any CPU
		{836A9616-60D9-4A38-9034-A5822BC7152C}.Release|Any CPU.ActiveCfg = Release|Any CPU
		{836A9616-60D9-4A38-9034-A5822BC7152C}.Release|Any CPU.Build.0 = Release|Any CPU
		{4B6774AA-D4AD-473C-ADFF-D1120C847876}.Debug|Any CPU.ActiveCfg = Debug|Any CPU
		{4B6774AA-D4AD-473C-ADFF-D1120C847876}.Debug|Any CPU.Build.0 = Debug|Any CPU
		{4B6774AA-D4AD-473C-ADFF-D1120C847876}.Release|Any CPU.ActiveCfg = Release|Any CPU
		{4B6774AA-D4AD-473C-ADFF-D1120C847876}.Release|Any CPU.Build.0 = Release|Any CPU
		{F29BC99B-01C6-4741-AE04-F5F4AF0D2AC1}.Debug|Any CPU.ActiveCfg = Debug|Any CPU
		{F29BC99B-01C6-4741-AE04-F5F4AF0D2AC1}.Debug|Any CPU.Build.0 = Debug|Any CPU
		{F29BC99B-01C6-4741-AE04-F5F4AF0D2AC1}.Release|Any CPU.ActiveCfg = Release|Any CPU
		{F29BC99B-01C6-4741-AE04-F5F4AF0D2AC1}.Release|Any CPU.Build.0 = Release|Any CPU
		{27349866-134D-411C-91D0-6B96191E48CF}.Debug|Any CPU.ActiveCfg = Debug|Any CPU
		{27349866-134D-411C-91D0-6B96191E48CF}.Debug|Any CPU.Build.0 = Debug|Any CPU
		{27349866-134D-411C-91D0-6B96191E48CF}.Release|Any CPU.ActiveCfg = Release|Any CPU
		{27349866-134D-411C-91D0-6B96191E48CF}.Release|Any CPU.Build.0 = Release|Any CPU
		{60A64DFE-84F5-4492-93FE-CB331B86877B}.Debug|Any CPU.ActiveCfg = Debug|Any CPU
		{60A64DFE-84F5-4492-93FE-CB331B86877B}.Debug|Any CPU.Build.0 = Debug|Any CPU
		{60A64DFE-84F5-4492-93FE-CB331B86877B}.Release|Any CPU.ActiveCfg = Release|Any CPU
		{60A64DFE-84F5-4492-93FE-CB331B86877B}.Release|Any CPU.Build.0 = Release|Any CPU
		{E47CA674-15F9-4846-8700-9772A5449494}.Debug|Any CPU.ActiveCfg = Debug|Any CPU
		{E47CA674-15F9-4846-8700-9772A5449494}.Debug|Any CPU.Build.0 = Debug|Any CPU
		{E47CA674-15F9-4846-8700-9772A5449494}.Release|Any CPU.ActiveCfg = Release|Any CPU
		{E47CA674-15F9-4846-8700-9772A5449494}.Release|Any CPU.Build.0 = Release|Any CPU
		{48F00528-5FC5-4898-9249-8498D8D37E4A}.Debug|Any CPU.ActiveCfg = Debug|Any CPU
		{48F00528-5FC5-4898-9249-8498D8D37E4A}.Debug|Any CPU.Build.0 = Debug|Any CPU
		{48F00528-5FC5-4898-9249-8498D8D37E4A}.Release|Any CPU.ActiveCfg = Release|Any CPU
		{48F00528-5FC5-4898-9249-8498D8D37E4A}.Release|Any CPU.Build.0 = Release|Any CPU
		{ABCEC8B2-C9B0-452B-BC91-5B19CCC030B2}.Debug|Any CPU.ActiveCfg = Debug|Any CPU
		{ABCEC8B2-C9B0-452B-BC91-5B19CCC030B2}.Debug|Any CPU.Build.0 = Debug|Any CPU
		{ABCEC8B2-C9B0-452B-BC91-5B19CCC030B2}.Release|Any CPU.ActiveCfg = Release|Any CPU
		{ABCEC8B2-C9B0-452B-BC91-5B19CCC030B2}.Release|Any CPU.Build.0 = Release|Any CPU
	EndGlobalSection
	GlobalSection(SolutionProperties) = preSolution
		HideSolutionNode = FALSE
	EndGlobalSection
	GlobalSection(NestedProjects) = preSolution
		{2D1FF8AA-0631-4291-8081-629D8ADA98C2} = {0D792693-15AD-4CBC-A537-D603D63D9D3B}
		{ECC5FF63-FAF2-453D-A770-2AEE3A0B15A0} = {0D792693-15AD-4CBC-A537-D603D63D9D3B}
		{FD6E415E-5D60-42E8-9D5B-187104277E7C} = {0D792693-15AD-4CBC-A537-D603D63D9D3B}
		{B6C409D8-9C24-4837-B3C0-59EC30BDC9F4} = {3BB27555-1F4E-44FA-BDCB-F85AAAFF8581}
		{8F2CA557-A6AF-48CF-BAB1-B4DF9702A527} = {3BB27555-1F4E-44FA-BDCB-F85AAAFF8581}
		{C3AA3413-227E-4B5C-9E5F-D008CB4BC74E} = {3BB27555-1F4E-44FA-BDCB-F85AAAFF8581}
		{6D7374A9-3A0C-4A80-9D75-6F216F5E1771} = {3BB27555-1F4E-44FA-BDCB-F85AAAFF8581}
		{AF133CB9-D1FA-444C-BE08-07D562046C82} = {0D792693-15AD-4CBC-A537-D603D63D9D3B}
		{892A50C3-3510-4B82-B77C-05FFE8983ACC} = {3BB27555-1F4E-44FA-BDCB-F85AAAFF8581}
		{4B6774AA-D4AD-473C-ADFF-D1120C847876} = {3BB27555-1F4E-44FA-BDCB-F85AAAFF8581}
		{27349866-134D-411C-91D0-6B96191E48CF} = {3BB27555-1F4E-44FA-BDCB-F85AAAFF8581}
	EndGlobalSection
	GlobalSection(ExtensibilityGlobals) = postSolution
		SolutionGuid = {0257A110-0FD4-411E-B187-3C552FB92D25}
	EndGlobalSection
EndGlobal
